Microsoft Visual Studio Solution File, Format Version 12.00
# Visual Studio Version 17
VisualStudioVersion = 17.5.2.0
MinimumVisualStudioVersion = 10.0.40219.1
Project("{2150E333-8FDC-42A3-9474-1A3956D46DE8}") = "src", "src", "{827E0CD3-B72D-47B6-A68D-7590B98EB39B}"
EndProject
Project("{2150E333-8FDC-42A3-9474-1A3956D46DE8}") = "building-blocks", "building-blocks", "{C13E73B6-616D-3195-CD22-1E55A7D1F969}"
EndProject
Project("{FAE04EC0-301F-11D3-BF4B-00C04F79EFBC}") = "Fleet.SharedKernel", "src\building-blocks\Fleet.SharedKernel\Fleet.SharedKernel.csproj", "{61B741C6-D91B-2337-BAE4-91134CF21200}"
EndProject
Global
	GlobalSection(SolutionConfigurationPlatforms) = preSolution
		Debug|Any CPU = Debug|Any CPU
		Release|Any CPU = Release|Any CPU
	EndGlobalSection
	GlobalSection(ProjectConfigurationPlatforms) = postSolution
		{61B741C6-D91B-2337-BAE4-91134CF21200}.Debug|Any CPU.ActiveCfg = Debug|Any CPU
		{61B741C6-D91B-2337-BAE4-91134CF21200}.Debug|Any CPU.Build.0 = Debug|Any CPU
		{61B741C6-D91B-2337-BAE4-91134CF21200}.Release|Any CPU.ActiveCfg = Release|Any CPU
		{61B741C6-D91B-2337-BAE4-91134CF21200}.Release|Any CPU.Build.0 = Release|Any CPU
	EndGlobalSection
	GlobalSection(SolutionProperties) = preSolution
		HideSolutionNode = FALSE
	EndGlobalSection
	GlobalSection(NestedProjects) = preSolution
		{C13E73B6-616D-3195-CD22-1E55A7D1F969} = {827E0CD3-B72D-47B6-A68D-7590B98EB39B}
		{61B741C6-D91B-2337-BAE4-91134CF21200} = {C13E73B6-616D-3195-CD22-1E55A7D1F969}
	EndGlobalSection
	GlobalSection(ExtensibilityGlobals) = postSolution
		SolutionGuid = {442A5589-0526-4D08-8AA4-DEC7F55BC8FD}
	EndGlobalSection
EndGlobal
